# THIS IS AN AUTOGENERATED FILE. DO NOT EDIT THIS FILE DIRECTLY.
# yarn lockfile v1


"@tsconfig/react-native@^2.0.2":
  version "2.0.2"
  resolved "https://truelayer.jfrog.io/artifactory/api/npm/npm/@tsconfig/react-native/-/react-native-2.0.2.tgz#ac9b8ceb1de91e2f23ab89f915490a1a4afd65a0"
  integrity sha512-OY+qydDk8Xw+VONvAFB6WTZAi3OP/KSQWNIeuJgkGFHGV3epw8qlctJQ35+fKGG4919nGbNS9ZI0JuZl1y8w2g==

"@types/prop-types@*":
  version "15.7.5"
  resolved "https://truelayer.jfrog.io/artifactory/api/npm/npm/@types/prop-types/-/prop-types-15.7.5.tgz#5f19d2b85a98e9558036f6a3cacc8819420f05cf"
  integrity sha512-JCB8C6SnDoQf0cNycqd/35A7MjcnK+ZTqE7judS6o7utxUCg6imJg3QK2qzHKszlTjcj2cn+NwMB2i96ubpj7w==

"@types/react-native@^0.70.6":
  version "0.70.6"
  resolved "https://truelayer.jfrog.io/artifactory/api/npm/npm/@types/react-native/-/react-native-0.70.6.tgz#0d1bc3014111f64f13e0df643aec2ab03f021fdb"
  integrity sha512-ynQ2jj0km9d7dbnyKqVdQ6Nti7VQ8SLTA/KKkkS5+FnvGyvij2AOo1/xnkBR/jnSNXuzrvGVzw2n0VWfppmfKw==
  dependencies:
    "@types/react" "*"

"@types/react-test-renderer@^18.0.0":
  version "18.0.0"
  resolved "https://truelayer.jfrog.io/artifactory/api/npm/npm/@types/react-test-renderer/-/react-test-renderer-18.0.0.tgz#7b7f69ca98821ea5501b21ba24ea7b6139da2243"
  integrity sha512-C7/5FBJ3g3sqUahguGi03O79b8afNeSD6T8/GU50oQrJCU0bVCCGQHaGKUbg2Ce8VQEEqTw8/HiS6lXHHdgkdQ==
  dependencies:
    "@types/react" "*"

"@types/react@*", "@types/react@^18.0.25":
  version "18.0.25"
  resolved "https://truelayer.jfrog.io/artifactory/api/npm/npm/@types/react/-/react-18.0.25.tgz#8b1dcd7e56fe7315535a4af25435e0bb55c8ae44"
  integrity sha512-xD6c0KDT4m7n9uD4ZHi02lzskaiqcBxf4zi+tXZY98a04wvc0hi/TcCPC2FOESZi51Nd7tlUeOJY8RofL799/g==
  dependencies:
    "@types/prop-types" "*"
    "@types/scheduler" "*"
    csstype "^3.0.2"

"@types/scheduler@*":
  version "0.16.2"
  resolved "https://truelayer.jfrog.io/artifactory/api/npm/npm/@types/scheduler/-/scheduler-0.16.2.tgz#1a62f89525723dde24ba1b01b092bf5df8ad4d39"
  integrity sha512-hppQEBDmlwhFAXKJX2KnWLYu5yMfi91yazPb2l+lbJiwW+wdo1gNeRA+3RgNSO39WYX2euey41KEwnqesU2Jew==

csstype@^3.0.2:
  version "3.1.1"
  resolved "https://truelayer.jfrog.io/artifactory/api/npm/npm/csstype/-/csstype-3.1.1.tgz#841b532c45c758ee546a11d5bd7b7b473c8c30b9"
  integrity sha512-DJR/VvkAvSZW9bTouZue2sSxDwdTN92uHjqeKVm+0dAqdfNykRzQ95tay8aXMBAAPpUiq4Qcug2L7neoRh2Egw==

typescript@^4.9.3:
  version "4.9.3"
  resolved "https://truelayer.jfrog.io/artifactory/api/npm/npm/typescript/-/typescript-4.9.3.tgz#3aea307c1746b8c384435d8ac36b8a2e580d85db"
  integrity sha512-CIfGzTelbKNEnLpLdGFgdyKhG23CKdKgQPOBc+OUNrkJ2vr+KSzsSV5kq5iWhEQbok+quxgGzrAtGWCyU7tHnA==
